// !$*UTF8*$!
{
	archiveVersion = 1;
	classes = {
	};
	objectVersion = 55;
	objects = {

/* Begin PBXBuildFile section */
		FC54903527B6B70900E1968B /* MemoryGame.swift in Sources */ = {isa = PBXBuildFile; fileRef = FC54903427B6B70900E1968B /* MemoryGame.swift */; };
		FC54903727B6CC5100E1968B /* EmojiMemoriGame.swift in Sources */ = {isa = PBXBuildFile; fileRef = FC54903627B6CC5100E1968B /* EmojiMemoriGame.swift */; };
		FCFAE49127B0A53000F9323C /* practiceApp.swift in Sources */ = {isa = PBXBuildFile; fileRef = FCFAE49027B0A53000F9323C /* practiceApp.swift */; };
		FCFAE49327B0A53000F9323C /* ContentView.swift in Sources */ = {isa = PBXBuildFile; fileRef = FCFAE49227B0A53000F9323C /* ContentView.swift */; };
		FCFAE49527B0A53200F9323C /* Assets.xcassets in Resources */ = {isa = PBXBuildFile; fileRef = FCFAE49427B0A53200F9323C /* Assets.xcassets */; };
		FCFAE49827B0A53200F9323C /* Preview Assets.xcassets in Resources */ = {isa = PBXBuildFile; fileRef = FCFAE49727B0A53200F9323C /* Preview Assets.xcassets */; };
		FCFAE4A227B0A53300F9323C /* practiceTests.swift in Sources */ = {isa = PBXBuildFile; fileRef = FCFAE4A127B0A53300F9323C /* practiceTests.swift */; };
		FCFAE4AC27B0A53300F9323C /* practiceUITests.swift in Sources */ = {isa = PBXBuildFile; fileRef = FCFAE4AB27B0A53300F9323C /* practiceUITests.swift */; };
		FCFAE4AE27B0A53300F9323C /* practiceUITestsLaunchTests.swift in Sources */ = {isa = PBXBuildFile; fileRef = FCFAE4AD27B0A53300F9323C /* practiceUITestsLaunchTests.swift */; };
		FCFAE4BB27B19C4E00F9323C /* CardView.swift in Sources */ = {isa = PBXBuildFile; fileRef = FCFAE4BA27B19C4E00F9323C /* CardView.swift */; };
/* End PBXBuildFile section */

/* Begin PBXContainerItemProxy section */
		FCFAE49E27B0A53300F9323C /* PBXContainerItemProxy */ = {
			isa = PBXContainerItemProxy;
			containerPortal = FCFAE48527B0A53000F9323C /* Project object */;
			proxyType = 1;
			remoteGlobalIDString = FCFAE48C27B0A53000F9323C;
			remoteInfo = practice;
		};
		FCFAE4A827B0A53300F9323C /* PBXContainerItemProxy */ = {
			isa = PBXContainerItemProxy;
			containerPortal = FCFAE48527B0A53000F9323C /* Project object */;
			proxyType = 1;
			remoteGlobalIDString = FCFAE48C27B0A53000F9323C;
			remoteInfo = practice;
		};
/* End PBXContainerItemProxy section */

/* Begin PBXFileReference section */
		FC54903427B6B70900E1968B /* MemoryGame.swift */ = {isa = PBXFileReference; lastKnownFileType = sourcecode.swift; path = MemoryGame.swift; sourceTree = "<group>"; };
		FC54903627B6CC5100E1968B /* EmojiMemoriGame.swift */ = {isa = PBXFileReference; lastKnownFileType = sourcecode.swift; path = EmojiMemoriGame.swift; sourceTree = "<group>"; };
		FCFAE48D27B0A53000F9323C /* practice.app */ = {isa = PBXFileReference; explicitFileType = wrapper.application; includeInIndex = 0; path = practice.app; sourceTree = BUILT_PRODUCTS_DIR; };
		FCFAE49027B0A53000F9323C /* practiceApp.swift */ = {isa = PBXFileReference; lastKnownFileType = sourcecode.swift; path = practiceApp.swift; sourceTree = "<group>"; };
		FCFAE49227B0A53000F9323C /* ContentView.swift */ = {isa = PBXFileReference; lastKnownFileType = sourcecode.swift; path = ContentView.swift; sourceTree = "<group>"; };
		FCFAE49427B0A53200F9323C /* Assets.xcassets */ = {isa = PBXFileReference; lastKnownFileType = folder.assetcatalog; path = Assets.xcassets; sourceTree = "<group>"; };
		FCFAE49727B0A53200F9323C /* Preview Assets.xcassets */ = {isa = PBXFileReference; lastKnownFileType = folder.assetcatalog; path = "Preview Assets.xcassets"; sourceTree = "<group>"; };
		FCFAE49D27B0A53300F9323C /* practiceTests.xctest */ = {isa = PBXFileReference; explicitFileType = wrapper.cfbundle; includeInIndex = 0; path = practiceTests.xctest; sourceTree = BUILT_PRODUCTS_DIR; };
		FCFAE4A127B0A53300F9323C /* practiceTests.swift */ = {isa = PBXFileReference; lastKnownFileType = sourcecode.swift; path = practiceTests.swift; sourceTree = "<group>"; };
		FCFAE4A727B0A53300F9323C /* practiceUITests.xctest */ = {isa = PBXFileReference; explicitFileType = wrapper.cfbundle; includeInIndex = 0; path = practiceUITests.xctest; sourceTree = BUILT_PRODUCTS_DIR; };
		FCFAE4AB27B0A53300F9323C /* practiceUITests.swift */ = {isa = PBXFileReference; lastKnownFileType = sourcecode.swift; path = practiceUITests.swift; sourceTree = "<group>"; };
		FCFAE4AD27B0A53300F9323C /* practiceUITestsLaunchTests.swift */ = {isa = PBXFileReference; lastKnownFileType = sourcecode.swift; path = practiceUITestsLaunchTests.swift; sourceTree = "<group>"; };
		FCFAE4BA27B19C4E00F9323C /* CardView.swift */ = {isa = PBXFileReference; lastKnownFileType = sourcecode.swift; path = CardView.swift; sourceTree = "<group>"; };
/* End PBXFileReference section */

/* Begin PBXFrameworksBuildPhase section */
		FCFAE48A27B0A53000F9323C /* Frameworks */ = {
			isa = PBXFrameworksBuildPhase;
			buildActionMask = 2147483647;
			files = (
			);
			runOnlyForDeploymentPostprocessing = 0;
		};
		FCFAE49A27B0A53300F9323C /* Frameworks */ = {
			isa = PBXFrameworksBuildPhase;
			buildActionMask = 2147483647;
			files = (
			);
			runOnlyForDeploymentPostprocessing = 0;
		};
		FCFAE4A427B0A53300F9323C /* Frameworks */ = {
			isa = PBXFrameworksBuildPhase;
			buildActionMask = 2147483647;
			files = (
			);
			runOnlyForDeploymentPostprocessing = 0;
		};
/* End PBXFrameworksBuildPhase section */

/* Begin PBXGroup section */
		FCFAE48427B0A53000F9323C = {
			isa = PBXGroup;
			children = (
				FCFAE48F27B0A53000F9323C /* practice */,
				FCFAE4A027B0A53300F9323C /* practiceTests */,
				FCFAE4AA27B0A53300F9323C /* practiceUITests */,
				FCFAE48E27B0A53000F9323C /* Products */,
			);
			sourceTree = "<group>";
		};
		FCFAE48E27B0A53000F9323C /* Products */ = {
			isa = PBXGroup;
			children = (
				FCFAE48D27B0A53000F9323C /* practice.app */,
				FCFAE49D27B0A53300F9323C /* practiceTests.xctest */,
				FCFAE4A727B0A53300F9323C /* practiceUITests.xctest */,
			);
			name = Products;
			sourceTree = "<group>";
		};
		FCFAE48F27B0A53000F9323C /* practice */ = {
			isa = PBXGroup;
			children = (
				FCFAE4BA27B19C4E00F9323C /* CardView.swift */,
				FCFAE49027B0A53000F9323C /* practiceApp.swift */,
				FCFAE49227B0A53000F9323C /* ContentView.swift */,
				FCFAE49427B0A53200F9323C /* Assets.xcassets */,
				FCFAE49627B0A53200F9323C /* Preview Content */,
				FC54903427B6B70900E1968B /* MemoryGame.swift */,
				FC54903627B6CC5100E1968B /* EmojiMemoriGame.swift */,
			);
			path = practice;
			sourceTree = "<group>";
		};
		FCFAE49627B0A53200F9323C /* Preview Content */ = {
			isa = PBXGroup;
			children = (
				FCFAE49727B0A53200F9323C /* Preview Assets.xcassets */,
			);
			path = "Preview Content";
			sourceTree = "<group>";
		};
		FCFAE4A027B0A53300F9323C /* practiceTests */ = {
			isa = PBXGroup;
			children = (
				FCFAE4A127B0A53300F9323C /* practiceTests.swift */,
			);
			path = practiceTests;
			sourceTree = "<group>";
		};
		FCFAE4AA27B0A53300F9323C /* practiceUITests */ = {
			isa = PBXGroup;
			children = (
				FCFAE4AB27B0A53300F9323C /* practiceUITests.swift */,
				FCFAE4AD27B0A53300F9323C /* practiceUITestsLaunchTests.swift */,
			);
			path = practiceUITests;
			sourceTree = "<group>";
		};
/* End PBXGroup section */

/* Begin PBXNativeTarget section */
		FCFAE48C27B0A53000F9323C /* practice */ = {
			isa = PBXNativeTarget;
			buildConfigurationList = FCFAE4B127B0A53300F9323C /* Build configuration list for PBXNativeTarget "practice" */;
			buildPhases = (
				FCFAE48927B0A53000F9323C /* Sources */,
				FCFAE48A27B0A53000F9323C /* Frameworks */,
				FCFAE48B27B0A53000F9323C /* Resources */,
			);
			buildRules = (
			);
			dependencies = (
			);
			name = practice;
			productName = practice;
			productReference = FCFAE48D27B0A53000F9323C /* practice.app */;
			productType = "com.apple.product-type.application";
		};
		FCFAE49C27B0A53300F9323C /* practiceTests */ = {
			isa = PBXNativeTarget;
			buildConfigurationList = FCFAE4B427B0A53300F9323C /* Build configuration list for PBXNativeTarget "practiceTests" */;
			buildPhases = (
				FCFAE49927B0A53300F9323C /* Sources */,
				FCFAE49A27B0A53300F9323C /* Frameworks */,
				FCFAE49B27B0A53300F9323C /* Resources */,
			);
			buildRules = (
			);
			dependencies = (
				FCFAE49F27B0A53300F9323C /* PBXTargetDependency */,
			);
			name = practiceTests;
			productName = practiceTests;
			productReference = FCFAE49D27B0A53300F9323C /* practiceTests.xctest */;
			productType = "com.apple.product-type.bundle.unit-test";
		};
		FCFAE4A627B0A53300F9323C /* practiceUITests */ = {
			isa = PBXNativeTarget;
			buildConfigurationList = FCFAE4B727B0A53300F9323C /* Build configuration list for PBXNativeTarget "practiceUITests" */;
			buildPhases = (
				FCFAE4A327B0A53300F9323C /* Sources */,
				FCFAE4A427B0A53300F9323C /* Frameworks */,
				FCFAE4A527B0A53300F9323C /* Resources */,
			);
			buildRules = (
			);
			dependencies = (
				FCFAE4A927B0A53300F9323C /* PBXTargetDependency */,
			);
			name = practiceUITests;
			productName = practiceUITests;
			productReference = FCFAE4A727B0A53300F9323C /* practiceUITests.xctest */;
			productType = "com.apple.product-type.bundle.ui-testing";
		};
/* End PBXNativeTarget section */

/* Begin PBXProject section */
		FCFAE48527B0A53000F9323C /* Project object */ = {
			isa = PBXProject;
			attributes = {
				BuildIndependentTargetsInParallel = 1;
				LastSwiftUpdateCheck = 1320;
				LastUpgradeCheck = 1320;
				TargetAttributes = {
					FCFAE48C27B0A53000F9323C = {
						CreatedOnToolsVersion = 13.2.1;
					};
					FCFAE49C27B0A53300F9323C = {
						CreatedOnToolsVersion = 13.2.1;
						TestTargetID = FCFAE48C27B0A53000F9323C;
					};
					FCFAE4A627B0A53300F9323C = {
						CreatedOnToolsVersion = 13.2.1;
						TestTargetID = FCFAE48C27B0A53000F9323C;
					};
				};
			};
			buildConfigurationList = FCFAE48827B0A53000F9323C /* Build configuration list for PBXProject "practice" */;
			compatibilityVersion = "Xcode 13.0";
			developmentRegion = en;
			hasScannedForEncodings = 0;
			knownRegions = (
				en,
				Base,
			);
			mainGroup = FCFAE48427B0A53000F9323C;
			productRefGroup = FCFAE48E27B0A53000F9323C /* Products */;
			projectDirPath = "";
			projectRoot = "";
			targets = (
				FCFAE48C27B0A53000F9323C /* practice */,
				FCFAE49C27B0A53300F9323C /* practiceTests */,
				FCFAE4A627B0A53300F9323C /* practiceUITests */,
			);
		};
/* End PBXProject section */

/* Begin PBXResourcesBuildPhase section */
		FCFAE48B27B0A53000F9323C /* Resources */ = {
			isa = PBXResourcesBuildPhase;
			buildActionMask = 2147483647;
			files = (
				FCFAE49827B0A53200F9323C /* Preview Assets.xcassets in Resources */,
				FCFAE49527B0A53200F9323C /* Assets.xcassets in Resources */,
			);
			runOnlyForDeploymentPostprocessing = 0;
		};
		FCFAE49B27B0A53300F9323C /* Resources */ = {
			isa = PBXResourcesBuildPhase;
			buildActionMask = 2147483647;
			files = (
			);
			runOnlyForDeploymentPostprocessing = 0;
		};
		FCFAE4A527B0A53300F9323C /* Resources */ = {
			isa = PBXResourcesBuildPhase;
			buildActionMask = 2147483647;
			files = (
			);
			runOnlyForDeploymentPostprocessing = 0;
		};
/* End PBXResourcesBuildPhase section */

/* Begin PBXSourcesBuildPhase section */
		FCFAE48927B0A53000F9323C /* Sources */ = {
			isa = PBXSourcesBuildPhase;
			buildActionMask = 2147483647;
			files = (
				FCFAE49327B0A53000F9323C /* ContentView.swift in Sources */,
				FCFAE4BB27B19C4E00F9323C /* CardView.swift in Sources */,
				FC54903527B6B70900E1968B /* MemoryGame.swift in Sources */,
				FC54903727B6CC5100E1968B /* EmojiMemoriGame.swift in Sources */,
				FCFAE49127B0A53000F9323C /* practiceApp.swift in Sources */,
			);
			runOnlyForDeploymentPostprocessing = 0;
		};
		FCFAE49927B0A53300F9323C /* Sources */ = {
			isa = PBXSourcesBuildPhase;
			buildActionMask = 2147483647;
			files = (
				FCFAE4A227B0A53300F9323C /* practiceTests.swift in Sources */,
			);
			runOnlyForDeploymentPostprocessing = 0;
		};
		FCFAE4A327B0A53300F9323C /* Sources */ = {
			isa = PBXSourcesBuildPhase;
			buildActionMask = 2147483647;
			files = (
				FCFAE4AE27B0A53300F9323C /* practiceUITestsLaunchTests.swift in Sources */,
				FCFAE4AC27B0A53300F9323C /* practiceUITests.swift in Sources */,
			);
			runOnlyForDeploymentPostprocessing = 0;
		};
/* End PBXSourcesBuildPhase section */

/* Begin PBXTargetDependency section */
		FCFAE49F27B0A53300F9323C /* PBXTargetDependency */ = {
			isa = PBXTargetDependency;
			target = FCFAE48C27B0A53000F9323C /* practice */;
			targetProxy = FCFAE49E27B0A53300F9323C /* PBXContainerItemProxy */;
		};
		FCFAE4A927B0A53300F9323C /* PBXTargetDependency */ = {
			isa = PBXTargetDependency;
			target = FCFAE48C27B0A53000F9323C /* practice */;
			targetProxy = FCFAE4A827B0A53300F9323C /* PBXContainerItemProxy */;
		};
/* End PBXTargetDependency section */

/* Begin XCBuildConfiguration section */
		FCFAE4AF27B0A53300F9323C /* Debug */ = {
			isa = XCBuildConfiguration;
			buildSettings = {
				ALWAYS_SEARCH_USER_PATHS = NO;
				CLANG_ANALYZER_NONNULL = YES;
				CLANG_ANALYZER_NUMBER_OBJECT_CONVERSION = YES_AGGRESSIVE;
				CLANG_CXX_LANGUAGE_STANDARD = "gnu++17";
				CLANG_CXX_LIBRARY = "libc++";
				CLANG_ENABLE_MODULES = YES;
				CLANG_ENABLE_OBJC_ARC = YES;
				CLANG_ENABLE_OBJC_WEAK = YES;
				CLANG_WARN_BLOCK_CAPTURE_AUTORELEASING = YES;
				CLANG_WARN_BOOL_CONVERSION = YES;
				CLANG_WARN_COMMA = YES;
				CLANG_WARN_CONSTANT_CONVERSION = YES;
				CLANG_WARN_DEPRECATED_OBJC_IMPLEMENTATIONS = YES;
				CLANG_WARN_DIRECT_OBJC_ISA_USAGE = YES_ERROR;
				CLANG_WARN_DOCUMENTATION_COMMENTS = YES;
				CLANG_WARN_EMPTY_BODY = YES;
				CLANG_WARN_ENUM_CONVERSION = YES;
				CLANG_WARN_INFINITE_RECURSION = YES;
				CLANG_WARN_INT_CONVERSION = YES;
				CLANG_WARN_NON_LITERAL_NULL_CONVERSION = YES;
				CLANG_WARN_OBJC_IMPLICIT_RETAIN_SELF = YES;
				CLANG_WARN_OBJC_LITERAL_CONVERSION = YES;
				CLANG_WARN_OBJC_ROOT_CLASS = YES_ERROR;
				CLANG_WARN_QUOTED_INCLUDE_IN_FRAMEWORK_HEADER = YES;
				CLANG_WARN_RANGE_LOOP_ANALYSIS = YES;
				CLANG_WARN_STRICT_PROTOTYPES = YES;
				CLANG_WARN_SUSPICIOUS_MOVE = YES;
				CLANG_WARN_UNGUARDED_AVAILABILITY = YES_AGGRESSIVE;
				CLANG_WARN_UNREACHABLE_CODE = YES;
				CLANG_WARN__DUPLICATE_METHOD_MATCH = YES;
				COPY_PHASE_STRIP = NO;
				DEBUG_INFORMATION_FORMAT = dwarf;
				ENABLE_STRICT_OBJC_MSGSEND = YES;
				ENABLE_TESTABILITY = YES;
				GCC_C_LANGUAGE_STANDARD = gnu11;
				GCC_DYNAMIC_NO_PIC = NO;
				GCC_NO_COMMON_BLOCKS = YES;
				GCC_OPTIMIZATION_LEVEL = 0;
				GCC_PREPROCESSOR_DEFINITIONS = (
					"DEBUG=1",
					"$(inherited)",
				);
				GCC_WARN_64_TO_32_BIT_CONVERSION = YES;
				GCC_WARN_ABOUT_RETURN_TYPE = YES_ERROR;
				GCC_WARN_UNDECLARED_SELECTOR = YES;
				GCC_WARN_UNINITIALIZED_AUTOS = YES_AGGRESSIVE;
				GCC_WARN_UNUSED_FUNCTION = YES;
				GCC_WARN_UNUSED_VARIABLE = YES;
				IPHONEOS_DEPLOYMENT_TARGET = 15.2;
				MTL_ENABLE_DEBUG_INFO = INCLUDE_SOURCE;
				MTL_FAST_MATH = YES;
				ONLY_ACTIVE_ARCH = YES;
				SDKROOT = iphoneos;
				SWIFT_ACTIVE_COMPILATION_CONDITIONS = DEBUG;
				SWIFT_OPTIMIZATION_LEVEL = "-Onone";
			};
			name = Debug;
		};
		FCFAE4B027B0A53300F9323C /* Release */ = {
			isa = XCBuildConfiguration;
			buildSettings = {
				ALWAYS_SEARCH_USER_PATHS = NO;
				CLANG_ANALYZER_NONNULL = YES;
				CLANG_ANALYZER_NUMBER_OBJECT_CONVERSION = YES_AGGRESSIVE;
				CLANG_CXX_LANGUAGE_STANDARD = "gnu++17";
				CLANG_CXX_LIBRARY = "libc++";
				CLANG_ENABLE_MODULES = YES;
				CLANG_ENABLE_OBJC_ARC = YES;
				CLANG_ENABLE_OBJC_WEAK = YES;
				CLANG_WARN_BLOCK_CAPTURE_AUTORELEASING = YES;
				CLANG_WARN_BOOL_CONVERSION = YES;
				CLANG_WARN_COMMA = YES;
				CLANG_WARN_CONSTANT_CONVERSION = YES;
				CLANG_WARN_DEPRECATED_OBJC_IMPLEMENTATIONS = YES;
				CLANG_WARN_DIRECT_OBJC_ISA_USAGE = YES_ERROR;
				CLANG_WARN_DOCUMENTATION_COMMENTS = YES;
				CLANG_WARN_EMPTY_BODY = YES;
				CLANG_WARN_ENUM_CONVERSION = YES;
				CLANG_WARN_INFINITE_RECURSION = YES;
				CLANG_WARN_INT_CONVERSION = YES;
				CLANG_WARN_NON_LITERAL_NULL_CONVERSION = YES;
				CLANG_WARN_OBJC_IMPLICIT_RETAIN_SELF = YES;
				CLANG_WARN_OBJC_LITERAL_CONVERSION = YES;
				CLANG_WARN_OBJC_ROOT_CLASS = YES_ERROR;
				CLANG_WARN_QUOTED_INCLUDE_IN_FRAMEWORK_HEADER = YES;
				CLANG_WARN_RANGE_LOOP_ANALYSIS = YES;
				CLANG_WARN_STRICT_PROTOTYPES = YES;
				CLANG_WARN_SUSPICIOUS_MOVE = YES;
				CLANG_WARN_UNGUARDED_AVAILABILITY = YES_AGGRESSIVE;
				CLANG_WARN_UNREACHABLE_CODE = YES;
				CLANG_WARN__DUPLICATE_METHOD_MATCH = YES;
				COPY_PHASE_STRIP = NO;
				DEBUG_INFORMATION_FORMAT = "dwarf-with-dsym";
				ENABLE_NS_ASSERTIONS = NO;
				ENABLE_STRICT_OBJC_MSGSEND = YES;
				GCC_C_LANGUAGE_STANDARD = gnu11;
				GCC_NO_COMMON_BLOCKS = YES;
				GCC_WARN_64_TO_32_BIT_CONVERSION = YES;
				GCC_WARN_ABOUT_RETURN_TYPE = YES_ERROR;
				GCC_WARN_UNDECLARED_SELECTOR = YES;
				GCC_WARN_UNINITIALIZED_AUTOS = YES_AGGRESSIVE;
				GCC_WARN_UNUSED_FUNCTION = YES;
				GCC_WARN_UNUSED_VARIABLE = YES;
				IPHONEOS_DEPLOYMENT_TARGET = 15.2;
				MTL_ENABLE_DEBUG_INFO = NO;
				MTL_FAST_MATH = YES;
				SDKROOT = iphoneos;
				SWIFT_COMPILATION_MODE = wholemodule;
				SWIFT_OPTIMIZATION_LEVEL = "-O";
				VALIDATE_PRODUCT = YES;
			};
			name = Release;
		};
		FCFAE4B227B0A53300F9323C /* Debug */ = {
			isa = XCBuildConfiguration;
			buildSettings = {
				ASSETCATALOG_COMPILER_APPICON_NAME = AppIcon;
				ASSETCATALOG_COMPILER_GLOBAL_ACCENT_COLOR_NAME = AccentColor;
				CODE_SIGN_STYLE = Automatic;
				CURRENT_PROJECT_VERSION = 1;
				DEVELOPMENT_ASSET_PATHS = "\"practice/Preview Content\"";
				ENABLE_PREVIEWS = YES;
				GENERATE_INFOPLIST_FILE = YES;
				INFOPLIST_KEY_UIApplicationSceneManifest_Generation = YES;
				INFOPLIST_KEY_UIApplicationSupportsIndirectInputEvents = YES;
				INFOPLIST_KEY_UILaunchScreen_Generation = YES;
				INFOPLIST_KEY_UISupportedInterfaceOrientations_iPad = "UIInterfaceOrientationPortrait UIInterfaceOrientationPortraitUpsideDown UIInterfaceOrientationLandscapeLeft UIInterfaceOrientationLandscapeRight";
				INFOPLIST_KEY_UISupportedInterfaceOrientations_iPhone = "UIInterfaceOrientationPortrait UIInterfaceOrientationLandscapeLeft UIInterfaceOrientationLandscapeRight";
				LD_RUNPATH_SEARCH_PATHS = (
					"$(inherited)",
					"@executable_path/Frameworks",
				);
				MARKETING_VERSION = 1.0;
				PRODUCT_BUNDLE_IDENTIFIER = com.nightfox.practice;
				PRODUCT_NAME = "$(TARGET_NAME)";
				SWIFT_EMIT_LOC_STRINGS = YES;
				SWIFT_VERSION = 5.0;
				TARGETED_DEVICE_FAMILY = "1,2";
			};
			name = Debug;
		};
		FCFAE4B327B0A53300F9323C /* Release */ = {
			isa = XCBuildConfiguration;
			buildSettings = {
				ASSETCATALOG_COMPILER_APPICON_NAME = AppIcon;
				ASSETCATALOG_COMPILER_GLOBAL_ACCENT_COLOR_NAME = AccentColor;
				CODE_SIGN_STYLE = Automatic;
				CURRENT_PROJECT_VERSION = 1;
				DEVELOPMENT_ASSET_PATHS = "\"practice/Preview Content\"";
				ENABLE_PREVIEWS = YES;
				GENERATE_INFOPLIST_FILE = YES;
				INFOPLIST_KEY_UIApplicationSceneManifest_Generation = YES;
				INFOPLIST_KEY_UIApplicationSupportsIndirectInputEvents = YES;
				INFOPLIST_KEY_UILaunchScreen_Generation = YES;
				INFOPLIST_KEY_UISupportedInterfaceOrientations_iPad = "UIInterfaceOrientationPortrait UIInterfaceOrientationPortraitUpsideDown UIInterfaceOrientationLandscapeLeft UIInterfaceOrientationLandscapeRight";
				INFOPLIST_KEY_UISupportedInterfaceOrientations_iPhone = "UIInterfaceOrientationPortrait UIInterfaceOrientationLandscapeLeft UIInterfaceOrientationLandscapeRight";
				LD_RUNPATH_SEARCH_PATHS = (
					"$(inherited)",
					"@executable_path/Frameworks",
				);
				MARKETING_VERSION = 1.0;
				PRODUCT_BUNDLE_IDENTIFIER = com.nightfox.practice;
				PRODUCT_NAME = "$(TARGET_NAME)";
				SWIFT_EMIT_LOC_STRINGS = YES;
				SWIFT_VERSION = 5.0;
				TARGETED_DEVICE_FAMILY = "1,2";
			};
			name = Release;
		};
		FCFAE4B527B0A53300F9323C /* Debug */ = {
			isa = XCBuildConfiguration;
			buildSettings = {
				ALWAYS_EMBED_SWIFT_STANDARD_LIBRARIES = YES;
				BUNDLE_LOADER = "$(TEST_HOST)";
				CODE_SIGN_STYLE = Automatic;
				CURRENT_PROJECT_VERSION = 1;
				GENERATE_INFOPLIST_FILE = YES;
				IPHONEOS_DEPLOYMENT_TARGET = 15.2;
				MARKETING_VERSION = 1.0;
				PRODUCT_BUNDLE_IDENTIFIER = com.nightfox.practiceTests;
				PRODUCT_NAME = "$(TARGET_NAME)";
				SWIFT_EMIT_LOC_STRINGS = NO;
				SWIFT_VERSION = 5.0;
				TARGETED_DEVICE_FAMILY = "1,2";
				TEST_HOST = "$(BUILT_PRODUCTS_DIR)/practice.app/practice";
			};
			name = Debug;
		};
		FCFAE4B627B0A53300F9323C /* Release */ = {
			isa = XCBuildConfiguration;
			buildSettings = {
				ALWAYS_EMBED_SWIFT_STANDARD_LIBRARIES = YES;
				BUNDLE_LOADER = "$(TEST_HOST)";
				CODE_SIGN_STYLE = Automatic;
				CURRENT_PROJECT_VERSION = 1;
				GENERATE_INFOPLIST_FILE = YES;
				IPHONEOS_DEPLOYMENT_TARGET = 15.2;
				MARKETING_VERSION = 1.0;
				PRODUCT_BUNDLE_IDENTIFIER = com.nightfox.practiceTests;
				PRODUCT_NAME = "$(TARGET_NAME)";
				SWIFT_EMIT_LOC_STRINGS = NO;
				SWIFT_VERSION = 5.0;
				TARGETED_DEVICE_FAMILY = "1,2";
				TEST_HOST = "$(BUILT_PRODUCTS_DIR)/practice.app/practice";
			};
			name = Release;
		};
		FCFAE4B827B0A53300F9323C /* Debug */ = {
			isa = XCBuildConfiguration;
			buildSettings = {
				ALWAYS_EMBED_SWIFT_STANDARD_LIBRARIES = YES;
				CODE_SIGN_STYLE = Automatic;
				CURRENT_PROJECT_VERSION = 1;
				GENERATE_INFOPLIST_FILE = YES;
				MARKETING_VERSION = 1.0;
				PRODUCT_BUNDLE_IDENTIFIER = com.nightfox.practiceUITests;
				PRODUCT_NAME = "$(TARGET_NAME)";
				SWIFT_EMIT_LOC_STRINGS = NO;
				SWIFT_VERSION = 5.0;
				TARGETED_DEVICE_FAMILY = "1,2";
				TEST_TARGET_NAME = practice;
			};
			name = Debug;
		};
		FCFAE4B927B0A53300F9323C /* Release */ = {
			isa = XCBuildConfiguration;
			buildSettings = {
				ALWAYS_EMBED_SWIFT_STANDARD_LIBRARIES = YES;
				CODE_SIGN_STYLE = Automatic;
				CURRENT_PROJECT_VERSION = 1;
				GENERATE_INFOPLIST_FILE = YES;
				MARKETING_VERSION = 1.0;
				PRODUCT_BUNDLE_IDENTIFIER = com.nightfox.practiceUITests;
				PRODUCT_NAME = "$(TARGET_NAME)";
				SWIFT_EMIT_LOC_STRINGS = NO;
				SWIFT_VERSION = 5.0;
				TARGETED_DEVICE_FAMILY = "1,2";
				TEST_TARGET_NAME = practice;
			};
			name = Release;
		};
/* End XCBuildConfiguration section */

/* Begin XCConfigurationList section */
		FCFAE48827B0A53000F9323C /* Build configuration list for PBXProject "practice" */ = {
			isa = XCConfigurationList;
			buildConfigurations = (
				FCFAE4AF27B0A53300F9323C /* Debug */,
				FCFAE4B027B0A53300F9323C /* Release */,
			);
			defaultConfigurationIsVisible = 0;
			defaultConfigurationName = Release;
		};
		FCFAE4B127B0A53300F9323C /* Build configuration list for PBXNativeTarget "practice" */ = {
			isa = XCConfigurationList;
			buildConfigurations = (
				FCFAE4B227B0A53300F9323C /* Debug */,
				FCFAE4B327B0A53300F9323C /* Release */,
			);
			defaultConfigurationIsVisible = 0;
			defaultConfigurationName = Release;
		};
		FCFAE4B427B0A53300F9323C /* Build configuration list for PBXNativeTarget "practiceTests" */ = {
			isa = XCConfigurationList;
			buildConfigurations = (
				FCFAE4B527B0A53300F9323C /* Debug */,
				FCFAE4B627B0A53300F9323C /* Release */,
			);
			defaultConfigurationIsVisible = 0;
			defaultConfigurationName = Release;
		};
		FCFAE4B727B0A53300F9323C /* Build configuration list for PBXNativeTarget "practiceUITests" */ = {
			isa = XCConfigurationList;
			buildConfigurations = (
				FCFAE4B827B0A53300F9323C /* Debug */,
				FCFAE4B927B0A53300F9323C /* Release */,
			);
			defaultConfigurationIsVisible = 0;
			defaultConfigurationName = Release;
		};
/* End XCConfigurationList section */
	};
	rootObject = FCFAE48527B0A53000F9323C /* Project object */;
}
